# Lockfile v4
# This file is automatically generated by Wapm.
# It is not intended for manual editing. The schema of this file may change.
[modules.pair-commit-rust."0.1.0".pair-commit-tool]
name = "pair-commit-tool"
package_version = "0.1.0"
package_name = "pair-commit-rust"
package_path = "pair-commit-rust@0.1.0"
resolved = "local"
resolved_source = "local"
abi = "wasi"
source = "target/wasm32-wasi/release/pair-commit-tool.wasm"
prehashed_module_key = "707c730dc74bd5d9433857edf0828435d8fcd356dd943f8b787755ca781e75a39f3721d60f2b032f1bf971c655e523be689ccd8714051ca340a51613983cd909"
[commands.pair-commit-tool]
name = "pair-commit-tool"
package_name = "pair-commit-rust"
package_version = "0.1.0"
module = "pair-commit-tool"
is_top_level_dependency = true
